// !$*UTF8*$!
{
	archiveVersion = 1;
	classes = {
	};
	objectVersion = 46;
	objects = {

/* Begin PBXBuildFile section */
		976B33E81E46925F00D9B505 /* main.cpp in Sources */ = {isa = PBXBuildFile; fileRef = 976B33E71E46925F00D9B505 /* main.cpp */; };
		976B33F41E46941200D9B505 /* Split Binary Search Tree.cpp in Sources */ = {isa = PBXBuildFile; fileRef = 976B33F31E46941200D9B505 /* Split Binary Search Tree.cpp */; };
		976B33F61E46948000D9B505 /* LRU Cache.cpp in Sources */ = {isa = PBXBuildFile; fileRef = 976B33F51E46948000D9B505 /* LRU Cache.cpp */; };
/* End PBXBuildFile section */

/* Begin PBXCopyFilesBuildPhase section */
		976B33E21E46925F00D9B505 /* CopyFiles */ = {
			isa = PBXCopyFilesBuildPhase;
			buildActionMask = 2147483647;
			dstPath = /usr/share/man/man1/;
			dstSubfolderSpec = 0;
			files = (
			);
			runOnlyForDeploymentPostprocessing = 1;
		};
/* End PBXCopyFilesBuildPhase section */

/* Begin PBXFileReference section */
		976B33E41E46925F00D9B505 /* CodingQuestions2016 */ = {isa = PBXFileReference; explicitFileType = "compiled.mach-o.executable"; includeInIndex = 0; path = CodingQuestions2016; sourceTree = BUILT_PRODUCTS_DIR; };
		976B33E71E46925F00D9B505 /* main.cpp */ = {isa = PBXFileReference; lastKnownFileType = sourcecode.cpp.cpp; path = main.cpp; sourceTree = "<group>"; };
		976B33F31E46941200D9B505 /* Split Binary Search Tree.cpp */ = {isa = PBXFileReference; fileEncoding = 4; lastKnownFileType = sourcecode.cpp.cpp; path = "Split Binary Search Tree.cpp"; sourceTree = "<group>"; };
		976B33F51E46948000D9B505 /* LRU Cache.cpp */ = {isa = PBXFileReference; fileEncoding = 4; lastKnownFileType = sourcecode.cpp.cpp; path = "LRU Cache.cpp"; sourceTree = "<group>"; };
/* End PBXFileReference section */

/* Begin PBXFrameworksBuildPhase section */
		976B33E11E46925F00D9B505 /* Frameworks */ = {
			isa = PBXFrameworksBuildPhase;
			buildActionMask = 2147483647;
			files = (
			);
			runOnlyForDeploymentPostprocessing = 0;
		};
/* End PBXFrameworksBuildPhase section */

/* Begin PBXGroup section */
		976B33DB1E46925F00D9B505 = {
			isa = PBXGroup;
			children = (
				976B33E61E46925F00D9B505 /* CodingQuestions2016 */,
				976B33E51E46925F00D9B505 /* Products */,
			);
			sourceTree = "<group>";
		};
		976B33E51E46925F00D9B505 /* Products */ = {
			isa = PBXGroup;
			children = (
				976B33E41E46925F00D9B505 /* CodingQuestions2016 */,
			);
			name = Products;
			sourceTree = "<group>";
		};
		976B33E61E46925F00D9B505 /* CodingQuestions2016 */ = {
			isa = PBXGroup;
			children = (
				976B33F11E4693B200D9B505 /* Tree */,
				976B33F01E4693AB00D9B505 /* Design */,
				976B33EF1E4693A400D9B505 /* Linked List */,
				976B33EE1E46938E00D9B505 /* Binary Search */,
				976B33E71E46925F00D9B505 /* main.cpp */,
			);
			path = CodingQuestions2016;
			sourceTree = "<group>";
		};
		976B33EE1E46938E00D9B505 /* Binary Search */ = {
			isa = PBXGroup;
			children = (
			);
			name = "Binary Search";
			sourceTree = "<group>";
		};
		976B33EF1E4693A400D9B505 /* Linked List */ = {
			isa = PBXGroup;
			children = (
			);
			name = "Linked List";
			sourceTree = "<group>";
		};
		976B33F01E4693AB00D9B505 /* Design */ = {
			isa = PBXGroup;
			children = (
				976B33F51E46948000D9B505 /* LRU Cache.cpp */,
			);
			name = Design;
			sourceTree = "<group>";
		};
		976B33F11E4693B200D9B505 /* Tree */ = {
			isa = PBXGroup;
			children = (
				976B33F21E4693FB00D9B505 /* BST */,
			);
			name = Tree;
			sourceTree = "<group>";
		};
		976B33F21E4693FB00D9B505 /* BST */ = {
			isa = PBXGroup;
			children = (
				976B33F31E46941200D9B505 /* Split Binary Search Tree.cpp */,
			);
			name = BST;
			sourceTree = "<group>";
		};
/* End PBXGroup section */

/* Begin PBXNativeTarget section */
		976B33E31E46925F00D9B505 /* CodingQuestions2016 */ = {
			isa = PBXNativeTarget;
			buildConfigurationList = 976B33EB1E46925F00D9B505 /* Build configuration list for PBXNativeTarget "CodingQuestions2016" */;
			buildPhases = (
				976B33E01E46925F00D9B505 /* Sources */,
				976B33E11E46925F00D9B505 /* Frameworks */,
				976B33E21E46925F00D9B505 /* CopyFiles */,
			);
			buildRules = (
			);
			dependencies = (
			);
			name = CodingQuestions2016;
			productName = CodingQuestions2016;
			productReference = 976B33E41E46925F00D9B505 /* CodingQuestions2016 */;
			productType = "com.apple.product-type.tool";
		};
/* End PBXNativeTarget section */

/* Begin PBXProject section */
		976B33DC1E46925F00D9B505 /* Project object */ = {
			isa = PBXProject;
			attributes = {
				LastUpgradeCheck = 0820;
				ORGANIZATIONNAME = "Fang Liu";
				TargetAttributes = {
					976B33E31E46925F00D9B505 = {
						CreatedOnToolsVersion = 8.2.1;
						ProvisioningStyle = Automatic;
					};
				};
			};
			buildConfigurationList = 976B33DF1E46925F00D9B505 /* Build configuration list for PBXProject "CodingQuestions2016" */;
			compatibilityVersion = "Xcode 3.2";
			developmentRegion = English;
			hasScannedForEncodings = 0;
			knownRegions = (
				en,
			);
			mainGroup = 976B33DB1E46925F00D9B505;
			productRefGroup = 976B33E51E46925F00D9B505 /* Products */;
			projectDirPath = "";
			projectRoot = "";
			targets = (
				976B33E31E46925F00D9B505 /* CodingQuestions2016 */,
			);
		};
/* End PBXProject section */

/* Begin PBXSourcesBuildPhase section */
		976B33E01E46925F00D9B505 /* Sources */ = {
			isa = PBXSourcesBuildPhase;
			buildActionMask = 2147483647;
			files = (
				976B33F61E46948000D9B505 /* LRU Cache.cpp in Sources */,
				976B33F41E46941200D9B505 /* Split Binary Search Tree.cpp in Sources */,
				976B33E81E46925F00D9B505 /* main.cpp in Sources */,
			);
			runOnlyForDeploymentPostprocessing = 0;
		};
/* End PBXSourcesBuildPhase section */

/* Begin XCBuildConfiguration section */
		976B33E91E46925F00D9B505 /* Debug */ = {
			isa = XCBuildConfiguration;
			buildSettings = {
				ALWAYS_SEARCH_USER_PATHS = NO;
				CLANG_ANALYZER_NONNULL = YES;
				CLANG_CXX_LANGUAGE_STANDARD = "gnu++0x";
				CLANG_CXX_LIBRARY = "libc++";
				CLANG_ENABLE_MODULES = YES;
				CLANG_ENABLE_OBJC_ARC = YES;
				CLANG_WARN_BOOL_CONVERSION = YES;
				CLANG_WARN_CONSTANT_CONVERSION = YES;
				CLANG_WARN_DIRECT_OBJC_ISA_USAGE = YES_ERROR;
				CLANG_WARN_DOCUMENTATION_COMMENTS = YES;
				CLANG_WARN_EMPTY_BODY = YES;
				CLANG_WARN_ENUM_CONVERSION = YES;
				CLANG_WARN_INFINITE_RECURSION = YES;
				CLANG_WARN_INT_CONVERSION = YES;
				CLANG_WARN_OBJC_ROOT_CLASS = YES_ERROR;
				CLANG_WARN_SUSPICIOUS_MOVE = YES;
				CLANG_WARN_UNREACHABLE_CODE = YES;
				CLANG_WARN__DUPLICATE_METHOD_MATCH = YES;
				CODE_SIGN_IDENTITY = "-";
				COPY_PHASE_STRIP = NO;
				DEBUG_INFORMATION_FORMAT = dwarf;
				ENABLE_STRICT_OBJC_MSGSEND = YES;
				ENABLE_TESTABILITY = YES;
				GCC_C_LANGUAGE_STANDARD = gnu99;
				GCC_DYNAMIC_NO_PIC = NO;
				GCC_NO_COMMON_BLOCKS = YES;
				GCC_OPTIMIZATION_LEVEL = 0;
				GCC_PREPROCESSOR_DEFINITIONS = (
					"DEBUG=1",
					"$(inherited)",
				);
				GCC_WARN_64_TO_32_BIT_CONVERSION = YES;
				GCC_WARN_ABOUT_RETURN_TYPE = YES_ERROR;
				GCC_WARN_UNDECLARED_SELECTOR = YES;
				GCC_WARN_UNINITIALIZED_AUTOS = YES_AGGRESSIVE;
				GCC_WARN_UNUSED_FUNCTION = YES;
				GCC_WARN_UNUSED_VARIABLE = YES;
				MACOSX_DEPLOYMENT_TARGET = 10.12;
				MTL_ENABLE_DEBUG_INFO = YES;
				ONLY_ACTIVE_ARCH = YES;
				SDKROOT = macosx;
			};
			name = Debug;
		};
		976B33EA1E46925F00D9B505 /* Release */ = {
			isa = XCBuildConfiguration;
			buildSettings = {
				ALWAYS_SEARCH_USER_PATHS = NO;
				CLANG_ANALYZER_NONNULL = YES;
				CLANG_CXX_LANGUAGE_STANDARD = "gnu++0x";
				CLANG_CXX_LIBRARY = "libc++";
				CLANG_ENABLE_MODULES = YES;
				CLANG_ENABLE_OBJC_ARC = YES;
				CLANG_WARN_BOOL_CONVERSION = YES;
				CLANG_WARN_CONSTANT_CONVERSION = YES;
				CLANG_WARN_DIRECT_OBJC_ISA_USAGE = YES_ERROR;
				CLANG_WARN_DOCUMENTATION_COMMENTS = YES;
				CLANG_WARN_EMPTY_BODY = YES;
				CLANG_WARN_ENUM_CONVERSION = YES;
				CLANG_WARN_INFINITE_RECURSION = YES;
				CLANG_WARN_INT_CONVERSION = YES;
				CLANG_WARN_OBJC_ROOT_CLASS = YES_ERROR;
				CLANG_WARN_SUSPICIOUS_MOVE = YES;
				CLANG_WARN_UNREACHABLE_CODE = YES;
				CLANG_WARN__DUPLICATE_METHOD_MATCH = YES;
				CODE_SIGN_IDENTITY = "-";
				COPY_PHASE_STRIP = NO;
				DEBUG_INFORMATION_FORMAT = "dwarf-with-dsym";
				ENABLE_NS_ASSERTIONS = NO;
				ENABLE_STRICT_OBJC_MSGSEND = YES;
				GCC_C_LANGUAGE_STANDARD = gnu99;
				GCC_NO_COMMON_BLOCKS = YES;
				GCC_WARN_64_TO_32_BIT_CONVERSION = YES;
				GCC_WARN_ABOUT_RETURN_TYPE = YES_ERROR;
				GCC_WARN_UNDECLARED_SELECTOR = YES;
				GCC_WARN_UNINITIALIZED_AUTOS = YES_AGGRESSIVE;
				GCC_WARN_UNUSED_FUNCTION = YES;
				GCC_WARN_UNUSED_VARIABLE = YES;
				MACOSX_DEPLOYMENT_TARGET = 10.12;
				MTL_ENABLE_DEBUG_INFO = NO;
				SDKROOT = macosx;
			};
			name = Release;
		};
		976B33EC1E46925F00D9B505 /* Debug */ = {
			isa = XCBuildConfiguration;
			buildSettings = {
				PRODUCT_NAME = "$(TARGET_NAME)";
			};
			name = Debug;
		};
		976B33ED1E46925F00D9B505 /* Release */ = {
			isa = XCBuildConfiguration;
			buildSettings = {
				PRODUCT_NAME = "$(TARGET_NAME)";
			};
			name = Release;
		};
/* End XCBuildConfiguration section */

/* Begin XCConfigurationList section */
		976B33DF1E46925F00D9B505 /* Build configuration list for PBXProject "CodingQuestions2016" */ = {
			isa = XCConfigurationList;
			buildConfigurations = (
				976B33E91E46925F00D9B505 /* Debug */,
				976B33EA1E46925F00D9B505 /* Release */,
			);
			defaultConfigurationIsVisible = 0;
			defaultConfigurationName = Release;
		};
		976B33EB1E46925F00D9B505 /* Build configuration list for PBXNativeTarget "CodingQuestions2016" */ = {
			isa = XCConfigurationList;
			buildConfigurations = (
				976B33EC1E46925F00D9B505 /* Debug */,
				976B33ED1E46925F00D9B505 /* Release */,
			);
			defaultConfigurationIsVisible = 0;
		};
/* End XCConfigurationList section */
	};
	rootObject = 976B33DC1E46925F00D9B505 /* Project object */;
}
